// !$*UTF8*$!
{
	archiveVersion = 1;
	classes = {
	};
	objectVersion = 46;
	objects = {

/* Begin PBXBuildFile section */
		A90DBDA21E82483500E532D0 /* AppDelegate.swift in Sources */ = {isa = PBXBuildFile; fileRef = A90DBDA11E82483500E532D0 /* AppDelegate.swift */; };
		A90DBDA41E82483500E532D0 /* ViewController.swift in Sources */ = {isa = PBXBuildFile; fileRef = A90DBDA31E82483500E532D0 /* ViewController.swift */; };
		A90DBDA71E82483500E532D0 /* Main.storyboard in Resources */ = {isa = PBXBuildFile; fileRef = A90DBDA51E82483500E532D0 /* Main.storyboard */; };
		A90DBDA91E82483500E532D0 /* Assets.xcassets in Resources */ = {isa = PBXBuildFile; fileRef = A90DBDA81E82483500E532D0 /* Assets.xcassets */; };
		A90DBDAC1E82483500E532D0 /* LaunchScreen.storyboard in Resources */ = {isa = PBXBuildFile; fileRef = A90DBDAA1E82483500E532D0 /* LaunchScreen.storyboard */; };
		A90DBDB71E82483600E532D0 /* PassingDataUsingNotificationCenterPatrickTests.swift in Sources */ = {isa = PBXBuildFile; fileRef = A90DBDB61E82483600E532D0 /* PassingDataUsingNotificationCenterPatrickTests.swift */; };
		A90DBDC21E82483600E532D0 /* PassingDataUsingNotificationCenterPatrickUITests.swift in Sources */ = {isa = PBXBuildFile; fileRef = A90DBDC11E82483600E532D0 /* PassingDataUsingNotificationCenterPatrickUITests.swift */; };
		A90DBDD01E82487600E532D0 /* FirstVC.swift in Sources */ = {isa = PBXBuildFile; fileRef = A90DBDCF1E82487600E532D0 /* FirstVC.swift */; };
		A90DBDD21E82488400E532D0 /* SecondVC.swift in Sources */ = {isa = PBXBuildFile; fileRef = A90DBDD11E82488400E532D0 /* SecondVC.swift */; };
/* End PBXBuildFile section */

/* Begin PBXContainerItemProxy section */
		A90DBDB31E82483600E532D0 /* PBXContainerItemProxy */ = {
			isa = PBXContainerItemProxy;
			containerPortal = A90DBD961E82483500E532D0 /* Project object */;
			proxyType = 1;
			remoteGlobalIDString = A90DBD9D1E82483500E532D0;
			remoteInfo = PassingDataUsingNotificationCenterPatrick;
		};
		A90DBDBE1E82483600E532D0 /* PBXContainerItemProxy */ = {
			isa = PBXContainerItemProxy;
			containerPortal = A90DBD961E82483500E532D0 /* Project object */;
			proxyType = 1;
			remoteGlobalIDString = A90DBD9D1E82483500E532D0;
			remoteInfo = PassingDataUsingNotificationCenterPatrick;
		};
/* End PBXContainerItemProxy section */

/* Begin PBXFileReference section */
		A90DBD9E1E82483500E532D0 /* PassingDataUsingNotificationCenterPatrick.app */ = {isa = PBXFileReference; explicitFileType = wrapper.application; includeInIndex = 0; path = PassingDataUsingNotificationCenterPatrick.app; sourceTree = BUILT_PRODUCTS_DIR; };
		A90DBDA11E82483500E532D0 /* AppDelegate.swift */ = {isa = PBXFileReference; lastKnownFileType = sourcecode.swift; path = AppDelegate.swift; sourceTree = "<group>"; };
		A90DBDA31E82483500E532D0 /* ViewController.swift */ = {isa = PBXFileReference; lastKnownFileType = sourcecode.swift; path = ViewController.swift; sourceTree = "<group>"; };
		A90DBDA61E82483500E532D0 /* Base */ = {isa = PBXFileReference; lastKnownFileType = file.storyboard; name = Base; path = Base.lproj/Main.storyboard; sourceTree = "<group>"; };
		A90DBDA81E82483500E532D0 /* Assets.xcassets */ = {isa = PBXFileReference; lastKnownFileType = folder.assetcatalog; path = Assets.xcassets; sourceTree = "<group>"; };
		A90DBDAB1E82483500E532D0 /* Base */ = {isa = PBXFileReference; lastKnownFileType = file.storyboard; name = Base; path = Base.lproj/LaunchScreen.storyboard; sourceTree = "<group>"; };
		A90DBDAD1E82483500E532D0 /* Info.plist */ = {isa = PBXFileReference; lastKnownFileType = text.plist.xml; path = Info.plist; sourceTree = "<group>"; };
		A90DBDB21E82483600E532D0 /* PassingDataUsingNotificationCenterPatrickTests.xctest */ = {isa = PBXFileReference; explicitFileType = wrapper.cfbundle; includeInIndex = 0; path = PassingDataUsingNotificationCenterPatrickTests.xctest; sourceTree = BUILT_PRODUCTS_DIR; };
		A90DBDB61E82483600E532D0 /* PassingDataUsingNotificationCenterPatrickTests.swift */ = {isa = PBXFileReference; lastKnownFileType = sourcecode.swift; path = PassingDataUsingNotificationCenterPatrickTests.swift; sourceTree = "<group>"; };
		A90DBDB81E82483600E532D0 /* Info.plist */ = {isa = PBXFileReference; lastKnownFileType = text.plist.xml; path = Info.plist; sourceTree = "<group>"; };
		A90DBDBD1E82483600E532D0 /* PassingDataUsingNotificationCenterPatrickUITests.xctest */ = {isa = PBXFileReference; explicitFileType = wrapper.cfbundle; includeInIndex = 0; path = PassingDataUsingNotificationCenterPatrickUITests.xctest; sourceTree = BUILT_PRODUCTS_DIR; };
		A90DBDC11E82483600E532D0 /* PassingDataUsingNotificationCenterPatrickUITests.swift */ = {isa = PBXFileReference; lastKnownFileType = sourcecode.swift; path = PassingDataUsingNotificationCenterPatrickUITests.swift; sourceTree = "<group>"; };
		A90DBDC31E82483600E532D0 /* Info.plist */ = {isa = PBXFileReference; lastKnownFileType = text.plist.xml; path = Info.plist; sourceTree = "<group>"; };
		A90DBDCF1E82487600E532D0 /* FirstVC.swift */ = {isa = PBXFileReference; fileEncoding = 4; lastKnownFileType = sourcecode.swift; path = FirstVC.swift; sourceTree = "<group>"; };
		A90DBDD11E82488400E532D0 /* SecondVC.swift */ = {isa = PBXFileReference; fileEncoding = 4; lastKnownFileType = sourcecode.swift; path = SecondVC.swift; sourceTree = "<group>"; };
/* End PBXFileReference section */

/* Begin PBXFrameworksBuildPhase section */
		A90DBD9B1E82483500E532D0 /* Frameworks */ = {
			isa = PBXFrameworksBuildPhase;
			buildActionMask = 2147483647;
			files = (
			);
			runOnlyForDeploymentPostprocessing = 0;
		};
		A90DBDAF1E82483600E532D0 /* Frameworks */ = {
			isa = PBXFrameworksBuildPhase;
			buildActionMask = 2147483647;
			files = (
			);
			runOnlyForDeploymentPostprocessing = 0;
		};
		A90DBDBA1E82483600E532D0 /* Frameworks */ = {
			isa = PBXFrameworksBuildPhase;
			buildActionMask = 2147483647;
			files = (
			);
			runOnlyForDeploymentPostprocessing = 0;
		};
/* End PBXFrameworksBuildPhase section */

/* Begin PBXGroup section */
		A90DBD951E82483500E532D0 = {
			isa = PBXGroup;
			children = (
				A90DBDA01E82483500E532D0 /* PassingDataUsingNotificationCenterPatrick */,
				A90DBDB51E82483600E532D0 /* PassingDataUsingNotificationCenterPatrickTests */,
				A90DBDC01E82483600E532D0 /* PassingDataUsingNotificationCenterPatrickUITests */,
				A90DBD9F1E82483500E532D0 /* Products */,
			);
			sourceTree = "<group>";
		};
		A90DBD9F1E82483500E532D0 /* Products */ = {
			isa = PBXGroup;
			children = (
				A90DBD9E1E82483500E532D0 /* PassingDataUsingNotificationCenterPatrick.app */,
				A90DBDB21E82483600E532D0 /* PassingDataUsingNotificationCenterPatrickTests.xctest */,
				A90DBDBD1E82483600E532D0 /* PassingDataUsingNotificationCenterPatrickUITests.xctest */,
			);
			name = Products;
			sourceTree = "<group>";
		};
		A90DBDA01E82483500E532D0 /* PassingDataUsingNotificationCenterPatrick */ = {
			isa = PBXGroup;
			children = (
				A90DBDA11E82483500E532D0 /* AppDelegate.swift */,
				A90DBDA31E82483500E532D0 /* ViewController.swift */,
				A90DBDA51E82483500E532D0 /* Main.storyboard */,
				A90DBDA81E82483500E532D0 /* Assets.xcassets */,
				A90DBDAA1E82483500E532D0 /* LaunchScreen.storyboard */,
				A90DBDAD1E82483500E532D0 /* Info.plist */,
				A90DBDCF1E82487600E532D0 /* FirstVC.swift */,
				A90DBDD11E82488400E532D0 /* SecondVC.swift */,
			);
			path = PassingDataUsingNotificationCenterPatrick;
			sourceTree = "<group>";
		};
		A90DBDB51E82483600E532D0 /* PassingDataUsingNotificationCenterPatrickTests */ = {
			isa = PBXGroup;
			children = (
				A90DBDB61E82483600E532D0 /* PassingDataUsingNotificationCenterPatrickTests.swift */,
				A90DBDB81E82483600E532D0 /* Info.plist */,
			);
			path = PassingDataUsingNotificationCenterPatrickTests;
			sourceTree = "<group>";
		};
		A90DBDC01E82483600E532D0 /* PassingDataUsingNotificationCenterPatrickUITests */ = {
			isa = PBXGroup;
			children = (
				A90DBDC11E82483600E532D0 /* PassingDataUsingNotificationCenterPatrickUITests.swift */,
				A90DBDC31E82483600E532D0 /* Info.plist */,
			);
			path = PassingDataUsingNotificationCenterPatrickUITests;
			sourceTree = "<group>";
		};
/* End PBXGroup section */

/* Begin PBXNativeTarget section */
		A90DBD9D1E82483500E532D0 /* PassingDataUsingNotificationCenterPatrick */ = {
			isa = PBXNativeTarget;
			buildConfigurationList = A90DBDC61E82483600E532D0 /* Build configuration list for PBXNativeTarget "PassingDataUsingNotificationCenterPatrick" */;
			buildPhases = (
				A90DBD9A1E82483500E532D0 /* Sources */,
				A90DBD9B1E82483500E532D0 /* Frameworks */,
				A90DBD9C1E82483500E532D0 /* Resources */,
			);
			buildRules = (
			);
			dependencies = (
			);
			name = PassingDataUsingNotificationCenterPatrick;
			productName = PassingDataUsingNotificationCenterPatrick;
			productReference = A90DBD9E1E82483500E532D0 /* PassingDataUsingNotificationCenterPatrick.app */;
			productType = "com.apple.product-type.application";
		};
		A90DBDB11E82483600E532D0 /* PassingDataUsingNotificationCenterPatrickTests */ = {
			isa = PBXNativeTarget;
			buildConfigurationList = A90DBDC91E82483600E532D0 /* Build configuration list for PBXNativeTarget "PassingDataUsingNotificationCenterPatrickTests" */;
			buildPhases = (
				A90DBDAE1E82483600E532D0 /* Sources */,
				A90DBDAF1E82483600E532D0 /* Frameworks */,
				A90DBDB01E82483600E532D0 /* Resources */,
			);
			buildRules = (
			);
			dependencies = (
				A90DBDB41E82483600E532D0 /* PBXTargetDependency */,
			);
			name = PassingDataUsingNotificationCenterPatrickTests;
			productName = PassingDataUsingNotificationCenterPatrickTests;
			productReference = A90DBDB21E82483600E532D0 /* PassingDataUsingNotificationCenterPatrickTests.xctest */;
			productType = "com.apple.product-type.bundle.unit-test";
		};
		A90DBDBC1E82483600E532D0 /* PassingDataUsingNotificationCenterPatrickUITests */ = {
			isa = PBXNativeTarget;
			buildConfigurationList = A90DBDCC1E82483600E532D0 /* Build configuration list for PBXNativeTarget "PassingDataUsingNotificationCenterPatrickUITests" */;
			buildPhases = (
				A90DBDB91E82483600E532D0 /* Sources */,
				A90DBDBA1E82483600E532D0 /* Frameworks */,
				A90DBDBB1E82483600E532D0 /* Resources */,
			);
			buildRules = (
			);
			dependencies = (
				A90DBDBF1E82483600E532D0 /* PBXTargetDependency */,
			);
			name = PassingDataUsingNotificationCenterPatrickUITests;
			productName = PassingDataUsingNotificationCenterPatrickUITests;
			productReference = A90DBDBD1E82483600E532D0 /* PassingDataUsingNotificationCenterPatrickUITests.xctest */;
			productType = "com.apple.product-type.bundle.ui-testing";
		};
/* End PBXNativeTarget section */

/* Begin PBXProject section */
		A90DBD961E82483500E532D0 /* Project object */ = {
			isa = PBXProject;
			attributes = {
				LastSwiftUpdateCheck = 0820;
				LastUpgradeCheck = 0820;
				ORGANIZATIONNAME = pratik;
				TargetAttributes = {
					A90DBD9D1E82483500E532D0 = {
						CreatedOnToolsVersion = 8.2;
						DevelopmentTeam = NSX254PG58;
						ProvisioningStyle = Automatic;
					};
					A90DBDB11E82483600E532D0 = {
						CreatedOnToolsVersion = 8.2;
						DevelopmentTeam = NSX254PG58;
						ProvisioningStyle = Automatic;
						TestTargetID = A90DBD9D1E82483500E532D0;
					};
					A90DBDBC1E82483600E532D0 = {
						CreatedOnToolsVersion = 8.2;
						DevelopmentTeam = NSX254PG58;
						ProvisioningStyle = Automatic;
						TestTargetID = A90DBD9D1E82483500E532D0;
					};
				};
			};
			buildConfigurationList = A90DBD991E82483500E532D0 /* Build configuration list for PBXProject "PassingDataUsingNotificationCenterPatrick" */;
			compatibilityVersion = "Xcode 3.2";
			developmentRegion = English;
			hasScannedForEncodings = 0;
			knownRegions = (
				en,
				Base,
			);
			mainGroup = A90DBD951E82483500E532D0;
			productRefGroup = A90DBD9F1E82483500E532D0 /* Products */;
			projectDirPath = "";
			projectRoot = "";
			targets = (
				A90DBD9D1E82483500E532D0 /* PassingDataUsingNotificationCenterPatrick */,
				A90DBDB11E82483600E532D0 /* PassingDataUsingNotificationCenterPatrickTests */,
				A90DBDBC1E82483600E532D0 /* PassingDataUsingNotificationCenterPatrickUITests */,
			);
		};
/* End PBXProject section */

/* Begin PBXResourcesBuildPhase section */
		A90DBD9C1E82483500E532D0 /* Resources */ = {
			isa = PBXResourcesBuildPhase;
			buildActionMask = 2147483647;
			files = (
				A90DBDAC1E82483500E532D0 /* LaunchScreen.storyboard in Resources */,
				A90DBDA91E82483500E532D0 /* Assets.xcassets in Resources */,
				A90DBDA71E82483500E532D0 /* Main.storyboard in Resources */,
			);
			runOnlyForDeploymentPostprocessing = 0;
		};
		A90DBDB01E82483600E532D0 /* Resources */ = {
			isa = PBXResourcesBuildPhase;
			buildActionMask = 2147483647;
			files = (
			);
			runOnlyForDeploymentPostprocessing = 0;
		};
		A90DBDBB1E82483600E532D0 /* Resources */ = {
			isa = PBXResourcesBuildPhase;
			buildActionMask = 2147483647;
			files = (
			);
			runOnlyForDeploymentPostprocessing = 0;
		};
/* End PBXResourcesBuildPhase section */

/* Begin PBXSourcesBuildPhase section */
		A90DBD9A1E82483500E532D0 /* Sources */ = {
			isa = PBXSourcesBuildPhase;
			buildActionMask = 2147483647;
			files = (
				A90DBDA41E82483500E532D0 /* ViewController.swift in Sources */,
				A90DBDD01E82487600E532D0 /* FirstVC.swift in Sources */,
				A90DBDD21E82488400E532D0 /* SecondVC.swift in Sources */,
				A90DBDA21E82483500E532D0 /* AppDelegate.swift in Sources */,
			);
			runOnlyForDeploymentPostprocessing = 0;
		};
		A90DBDAE1E82483600E532D0 /* Sources */ = {
			isa = PBXSourcesBuildPhase;
			buildActionMask = 2147483647;
			files = (
				A90DBDB71E82483600E532D0 /* PassingDataUsingNotificationCenterPatrickTests.swift in Sources */,
			);
			runOnlyForDeploymentPostprocessing = 0;
		};
		A90DBDB91E82483600E532D0 /* Sources */ = {
			isa = PBXSourcesBuildPhase;
			buildActionMask = 2147483647;
			files = (
				A90DBDC21E82483600E532D0 /* PassingDataUsingNotificationCenterPatrickUITests.swift in Sources */,
			);
			runOnlyForDeploymentPostprocessing = 0;
		};
/* End PBXSourcesBuildPhase section */

/* Begin PBXTargetDependency section */
		A90DBDB41E82483600E532D0 /* PBXTargetDependency */ = {
			isa = PBXTargetDependency;
			target = A90DBD9D1E82483500E532D0 /* PassingDataUsingNotificationCenterPatrick */;
			targetProxy = A90DBDB31E82483600E532D0 /* PBXContainerItemProxy */;
		};
		A90DBDBF1E82483600E532D0 /* PBXTargetDependency */ = {
			isa = PBXTargetDependency;
			target = A90DBD9D1E82483500E532D0 /* PassingDataUsingNotificationCenterPatrick */;
			targetProxy = A90DBDBE1E82483600E532D0 /* PBXContainerItemProxy */;
		};
/* End PBXTargetDependency section */

/* Begin PBXVariantGroup section */
		A90DBDA51E82483500E532D0 /* Main.storyboard */ = {
			isa = PBXVariantGroup;
			children = (
				A90DBDA61E82483500E532D0 /* Base */,
			);
			name = Main.storyboard;
			sourceTree = "<group>";
		};
		A90DBDAA1E82483500E532D0 /* LaunchScreen.storyboard */ = {
			isa = PBXVariantGroup;
			children = (
				A90DBDAB1E82483500E532D0 /* Base */,
			);
			name = LaunchScreen.storyboard;
			sourceTree = "<group>";
		};
/* End PBXVariantGroup section */

/* Begin XCBuildConfiguration section */
		A90DBDC41E82483600E532D0 /* Debug */ = {
			isa = XCBuildConfiguration;
			buildSettings = {
				ALWAYS_SEARCH_USER_PATHS = NO;
				CLANG_ANALYZER_NONNULL = YES;
				CLANG_CXX_LANGUAGE_STANDARD = "gnu++0x";
				CLANG_CXX_LIBRARY = "libc++";
				CLANG_ENABLE_MODULES = YES;
				CLANG_ENABLE_OBJC_ARC = YES;
				CLANG_WARN_BOOL_CONVERSION = YES;
				CLANG_WARN_CONSTANT_CONVERSION = YES;
				CLANG_WARN_DIRECT_OBJC_ISA_USAGE = YES_ERROR;
				CLANG_WARN_DOCUMENTATION_COMMENTS = YES;
				CLANG_WARN_EMPTY_BODY = YES;
				CLANG_WARN_ENUM_CONVERSION = YES;
				CLANG_WARN_INFINITE_RECURSION = YES;
				CLANG_WARN_INT_CONVERSION = YES;
				CLANG_WARN_OBJC_ROOT_CLASS = YES_ERROR;
				CLANG_WARN_SUSPICIOUS_MOVE = YES;
				CLANG_WARN_UNREACHABLE_CODE = YES;
				CLANG_WARN__DUPLICATE_METHOD_MATCH = YES;
				"CODE_SIGN_IDENTITY[sdk=iphoneos*]" = "iPhone Developer";
				COPY_PHASE_STRIP = NO;
				DEBUG_INFORMATION_FORMAT = dwarf;
				ENABLE_STRICT_OBJC_MSGSEND = YES;
				ENABLE_TESTABILITY = YES;
				GCC_C_LANGUAGE_STANDARD = gnu99;
				GCC_DYNAMIC_NO_PIC = NO;
				GCC_NO_COMMON_BLOCKS = YES;
				GCC_OPTIMIZATION_LEVEL = 0;
				GCC_PREPROCESSOR_DEFINITIONS = (
					"DEBUG=1",
					"$(inherited)",
				);
				GCC_WARN_64_TO_32_BIT_CONVERSION = YES;
				GCC_WARN_ABOUT_RETURN_TYPE = YES_ERROR;
				GCC_WARN_UNDECLARED_SELECTOR = YES;
				GCC_WARN_UNINITIALIZED_AUTOS = YES_AGGRESSIVE;
				GCC_WARN_UNUSED_FUNCTION = YES;
				GCC_WARN_UNUSED_VARIABLE = YES;
				IPHONEOS_DEPLOYMENT_TARGET = 10.2;
				MTL_ENABLE_DEBUG_INFO = YES;
				ONLY_ACTIVE_ARCH = YES;
				SDKROOT = iphoneos;
				SWIFT_ACTIVE_COMPILATION_CONDITIONS = DEBUG;
				SWIFT_OPTIMIZATION_LEVEL = "-Onone";
				TARGETED_DEVICE_FAMILY = "1,2";
			};
			name = Debug;
		};
		A90DBDC51E82483600E532D0 /* Release */ = {
			isa = XCBuildConfiguration;
			buildSettings = {
				ALWAYS_SEARCH_USER_PATHS = NO;
				CLANG_ANALYZER_NONNULL = YES;
				CLANG_CXX_LANGUAGE_STANDARD = "gnu++0x";
				CLANG_CXX_LIBRARY = "libc++";
				CLANG_ENABLE_MODULES = YES;
				CLANG_ENABLE_OBJC_ARC = YES;
				CLANG_WARN_BOOL_CONVERSION = YES;
				CLANG_WARN_CONSTANT_CONVERSION = YES;
				CLANG_WARN_DIRECT_OBJC_ISA_USAGE = YES_ERROR;
				CLANG_WARN_DOCUMENTATION_COMMENTS = YES;
				CLANG_WARN_EMPTY_BODY = YES;
				CLANG_WARN_ENUM_CONVERSION = YES;
				CLANG_WARN_INFINITE_RECURSION = YES;
				CLANG_WARN_INT_CONVERSION = YES;
				CLANG_WARN_OBJC_ROOT_CLASS = YES_ERROR;
				CLANG_WARN_SUSPICIOUS_MOVE = YES;
				CLANG_WARN_UNREACHABLE_CODE = YES;
				CLANG_WARN__DUPLICATE_METHOD_MATCH = YES;
				"CODE_SIGN_IDENTITY[sdk=iphoneos*]" = "iPhone Developer";
				COPY_PHASE_STRIP = NO;
				DEBUG_INFORMATION_FORMAT = "dwarf-with-dsym";
				ENABLE_NS_ASSERTIONS = NO;
				ENABLE_STRICT_OBJC_MSGSEND = YES;
				GCC_C_LANGUAGE_STANDARD = gnu99;
				GCC_NO_COMMON_BLOCKS = YES;
				GCC_WARN_64_TO_32_BIT_CONVERSION = YES;
				GCC_WARN_ABOUT_RETURN_TYPE = YES_ERROR;
				GCC_WARN_UNDECLARED_SELECTOR = YES;
				GCC_WARN_UNINITIALIZED_AUTOS = YES_AGGRESSIVE;
				GCC_WARN_UNUSED_FUNCTION = YES;
				GCC_WARN_UNUSED_VARIABLE = YES;
				IPHONEOS_DEPLOYMENT_TARGET = 10.2;
				MTL_ENABLE_DEBUG_INFO = NO;
				SDKROOT = iphoneos;
				SWIFT_OPTIMIZATION_LEVEL = "-Owholemodule";
				TARGETED_DEVICE_FAMILY = "1,2";
				VALIDATE_PRODUCT = YES;
			};
			name = Release;
		};
		A90DBDC71E82483600E532D0 /* Debug */ = {
			isa = XCBuildConfiguration;
			buildSettings = {
				ASSETCATALOG_COMPILER_APPICON_NAME = AppIcon;
				DEVELOPMENT_TEAM = NSX254PG58;
				INFOPLIST_FILE = PassingDataUsingNotificationCenterPatrick/Info.plist;
				LD_RUNPATH_SEARCH_PATHS = "$(inherited) @executable_path/Frameworks";
				PRODUCT_BUNDLE_IDENTIFIER = pratik.PassingDataUsingNotificationCenterPatrick;
				PRODUCT_NAME = "$(TARGET_NAME)";
				SWIFT_VERSION = 3.0;
			};
			name = Debug;
		};
		A90DBDC81E82483600E532D0 /* Release */ = {
			isa = XCBuildConfiguration;
			buildSettings = {
				ASSETCATALOG_COMPILER_APPICON_NAME = AppIcon;
				DEVELOPMENT_TEAM = NSX254PG58;
				INFOPLIST_FILE = PassingDataUsingNotificationCenterPatrick/Info.plist;
				LD_RUNPATH_SEARCH_PATHS = "$(inherited) @executable_path/Frameworks";
				PRODUCT_BUNDLE_IDENTIFIER = pratik.PassingDataUsingNotificationCenterPatrick;
				PRODUCT_NAME = "$(TARGET_NAME)";
				SWIFT_VERSION = 3.0;
			};
			name = Release;
		};
		A90DBDCA1E82483600E532D0 /* Debug */ = {
			isa = XCBuildConfiguration;
			buildSettings = {
				ALWAYS_EMBED_SWIFT_STANDARD_LIBRARIES = YES;
				BUNDLE_LOADER = "$(TEST_HOST)";
				DEVELOPMENT_TEAM = NSX254PG58;
				INFOPLIST_FILE = PassingDataUsingNotificationCenterPatrickTests/Info.plist;
				LD_RUNPATH_SEARCH_PATHS = "$(inherited) @executable_path/Frameworks @loader_path/Frameworks";
				PRODUCT_BUNDLE_IDENTIFIER = pratik.PassingDataUsingNotificationCenterPatrickTests;
				PRODUCT_NAME = "$(TARGET_NAME)";
				SWIFT_VERSION = 3.0;
				TEST_HOST = "$(BUILT_PRODUCTS_DIR)/PassingDataUsingNotificationCenterPatrick.app/PassingDataUsingNotificationCenterPatrick";
			};
			name = Debug;
		};
		A90DBDCB1E82483600E532D0 /* Release */ = {
			isa = XCBuildConfiguration;
			buildSettings = {
				ALWAYS_EMBED_SWIFT_STANDARD_LIBRARIES = YES;
				BUNDLE_LOADER = "$(TEST_HOST)";
				DEVELOPMENT_TEAM = NSX254PG58;
				INFOPLIST_FILE = PassingDataUsingNotificationCenterPatrickTests/Info.plist;
				LD_RUNPATH_SEARCH_PATHS = "$(inherited) @executable_path/Frameworks @loader_path/Frameworks";
				PRODUCT_BUNDLE_IDENTIFIER = pratik.PassingDataUsingNotificationCenterPatrickTests;
				PRODUCT_NAME = "$(TARGET_NAME)";
				SWIFT_VERSION = 3.0;
				TEST_HOST = "$(BUILT_PRODUCTS_DIR)/PassingDataUsingNotificationCenterPatrick.app/PassingDataUsingNotificationCenterPatrick";
			};
			name = Release;
		};
		A90DBDCD1E82483600E532D0 /* Debug */ = {
			isa = XCBuildConfiguration;
			buildSettings = {
				ALWAYS_EMBED_SWIFT_STANDARD_LIBRARIES = YES;
				DEVELOPMENT_TEAM = NSX254PG58;
				INFOPLIST_FILE = PassingDataUsingNotificationCenterPatrickUITests/Info.plist;
				LD_RUNPATH_SEARCH_PATHS = "$(inherited) @executable_path/Frameworks @loader_path/Frameworks";
				PRODUCT_BUNDLE_IDENTIFIER = pratik.PassingDataUsingNotificationCenterPatrickUITests;
				PRODUCT_NAME = "$(TARGET_NAME)";
				SWIFT_VERSION = 3.0;
				TEST_TARGET_NAME = PassingDataUsingNotificationCenterPatrick;
			};
			name = Debug;
		};
		A90DBDCE1E82483600E532D0 /* Release */ = {
			isa = XCBuildConfiguration;
			buildSettings = {
				ALWAYS_EMBED_SWIFT_STANDARD_LIBRARIES = YES;
				DEVELOPMENT_TEAM = NSX254PG58;
				INFOPLIST_FILE = PassingDataUsingNotificationCenterPatrickUITests/Info.plist;
				LD_RUNPATH_SEARCH_PATHS = "$(inherited) @executable_path/Frameworks @loader_path/Frameworks";
				PRODUCT_BUNDLE_IDENTIFIER = pratik.PassingDataUsingNotificationCenterPatrickUITests;
				PRODUCT_NAME = "$(TARGET_NAME)";
				SWIFT_VERSION = 3.0;
				TEST_TARGET_NAME = PassingDataUsingNotificationCenterPatrick;
			};
			name = Release;
		};
/* End XCBuildConfiguration section */

/* Begin XCConfigurationList section */
		A90DBD991E82483500E532D0 /* Build configuration list for PBXProject "PassingDataUsingNotificationCenterPatrick" */ = {
			isa = XCConfigurationList;
			buildConfigurations = (
				A90DBDC41E82483600E532D0 /* Debug */,
				A90DBDC51E82483600E532D0 /* Release */,
			);
			defaultConfigurationIsVisible = 0;
			defaultConfigurationName = Release;
		};
		A90DBDC61E82483600E532D0 /* Build configuration list for PBXNativeTarget "PassingDataUsingNotificationCenterPatrick" */ = {
			isa = XCConfigurationList;
			buildConfigurations = (
				A90DBDC71E82483600E532D0 /* Debug */,
				A90DBDC81E82483600E532D0 /* Release */,
			);
			defaultConfigurationIsVisible = 0;
		};
		A90DBDC91E82483600E532D0 /* Build configuration list for PBXNativeTarget "PassingDataUsingNotificationCenterPatrickTests" */ = {
			isa = XCConfigurationList;
			buildConfigurations = (
				A90DBDCA1E82483600E532D0 /* Debug */,
				A90DBDCB1E82483600E532D0 /* Release */,
			);
			defaultConfigurationIsVisible = 0;
		};
		A90DBDCC1E82483600E532D0 /* Build configuration list for PBXNativeTarget "PassingDataUsingNotificationCenterPatrickUITests" */ = {
			isa = XCConfigurationList;
			buildConfigurations = (
				A90DBDCD1E82483600E532D0 /* Debug */,
				A90DBDCE1E82483600E532D0 /* Release */,
			);
			defaultConfigurationIsVisible = 0;
		};
/* End XCConfigurationList section */
	};
	rootObject = A90DBD961E82483500E532D0 /* Project object */;
}
